
Microsoft Visual Studio Solution File, Format Version 12.00
# Visual Studio 15
VisualStudioVersion = 15.0.26730.3
MinimumVisualStudioVersion = 10.0.40219.1
Project("{FAE04EC0-301F-11D3-BF4B-00C04F79EFBC}") = "CompareAPI", "CompareAPI\CompareAPI.csproj", "{355B2262-ED86-4CAB-ADD0-248EC069228B}"
EndProject
Project("{E53339B2-1760-4266-BCC7-CA923CBCF16C}") = "docker-compose", "docker-compose.dcproj", "{D6689943-BB02-4013-9F2B-22903856027E}"
EndProject
Project("{FAE04EC0-301F-11D3-BF4B-00C04F79EFBC}") = "Compare", "Compare\Compare.csproj", "{CD9EEE0E-72B7-42E6-AC14-821F3DCED440}"
EndProject
Global
	GlobalSection(SolutionConfigurationPlatforms) = preSolution
		Debug|Any CPU = Debug|Any CPU
		Release|Any CPU = Release|Any CPU
	EndGlobalSection
	GlobalSection(ProjectConfigurationPlatforms) = postSolution
		{355B2262-ED86-4CAB-ADD0-248EC069228B}.Debug|Any CPU.ActiveCfg = Debug|Any CPU
		{355B2262-ED86-4CAB-ADD0-248EC069228B}.Debug|Any CPU.Build.0 = Debug|Any CPU
		{355B2262-ED86-4CAB-ADD0-248EC069228B}.Release|Any CPU.ActiveCfg = Release|Any CPU
		{355B2262-ED86-4CAB-ADD0-248EC069228B}.Release|Any CPU.Build.0 = Release|Any CPU
		{D6689943-BB02-4013-9F2B-22903856027E}.Debug|Any CPU.ActiveCfg = Debug|Any CPU
		{D6689943-BB02-4013-9F2B-22903856027E}.Debug|Any CPU.Build.0 = Debug|Any CPU
		{D6689943-BB02-4013-9F2B-22903856027E}.Release|Any CPU.ActiveCfg = Release|Any CPU
		{D6689943-BB02-4013-9F2B-22903856027E}.Release|Any CPU.Build.0 = Release|Any CPU
		{CD9EEE0E-72B7-42E6-AC14-821F3DCED440}.Debug|Any CPU.ActiveCfg = Debug|Any CPU
		{CD9EEE0E-72B7-42E6-AC14-821F3DCED440}.Debug|Any CPU.Build.0 = Debug|Any CPU
		{CD9EEE0E-72B7-42E6-AC14-821F3DCED440}.Release|Any CPU.ActiveCfg = Release|Any CPU
		{CD9EEE0E-72B7-42E6-AC14-821F3DCED440}.Release|Any CPU.Build.0 = Release|Any CPU
	EndGlobalSection
	GlobalSection(SolutionProperties) = preSolution
		HideSolutionNode = FALSE
	EndGlobalSection
	GlobalSection(ExtensibilityGlobals) = postSolution
		SolutionGuid = {42725470-296A-4097-86D2-72627D610AA6}
	EndGlobalSection
EndGlobal
